
Microsoft Visual Studio Solution File, Format Version 12.00
# Visual Studio Version 17
VisualStudioVersion = 17.13.35806.99 d17.13
MinimumVisualStudioVersion = 10.0.40219.1
Project("{FAE04EC0-301F-11D3-BF4B-00C04F79EFBC}") = "entityframeworkcore-many-to-many-relationship-project", "entityframeworkcore-many-to-many-relationship-project\entityframeworkcore-many-to-many-relationship-project.csproj", "{34A884EF-4390-4F21-ABA0-34B18A319C28}"
EndProject
Global
	GlobalSection(SolutionConfigurationPlatforms) = preSolution
		Debug|Any CPU = Debug|Any CPU
		Release|Any CPU = Release|Any CPU
	EndGlobalSection
	GlobalSection(ProjectConfigurationPlatforms) = postSolution
		{34A884EF-4390-4F21-ABA0-34B18A319C28}.Debug|Any CPU.ActiveCfg = Debug|Any CPU
		{34A884EF-4390-4F21-ABA0-34B18A319C28}.Debug|Any CPU.Build.0 = Debug|Any CPU
		{34A884EF-4390-4F21-ABA0-34B18A319C28}.Release|Any CPU.ActiveCfg = Release|Any CPU
		{34A884EF-4390-4F21-ABA0-34B18A319C28}.Release|Any CPU.Build.0 = Release|Any CPU
	EndGlobalSection
	GlobalSection(SolutionProperties) = preSolution
		HideSolutionNode = FALSE
	EndGlobalSection
	GlobalSection(ExtensibilityGlobals) = postSolution
		SolutionGuid = {AD71D7F6-01B1-434E-BF72-381098CE0B63}
	EndGlobalSection
EndGlobal
